
Microsoft Visual Studio Solution File, Format Version 12.00
# Visual Studio 15
VisualStudioVersion = 15.0.27703.2026
MinimumVisualStudioVersion = 10.0.40219.1
Project("{FAE04EC0-301F-11D3-BF4B-00C04F79EFBC}") = "ClientWinForms_Simple", "ClientWinForms_Simple\ClientWinForms_Simple.csproj", "{A5D25011-6F57-43F7-A02C-2A3B0CE4D346}"
EndProject
Global
	GlobalSection(SolutionConfigurationPlatforms) = preSolution
		Debug|Any CPU = Debug|Any CPU
		Release|Any CPU = Release|Any CPU
	EndGlobalSection
	GlobalSection(ProjectConfigurationPlatforms) = postSolution
		{A5D25011-6F57-43F7-A02C-2A3B0CE4D346}.Debug|Any CPU.ActiveCfg = Debug|Any CPU
		{A5D25011-6F57-43F7-A02C-2A3B0CE4D346}.Debug|Any CPU.Build.0 = Debug|Any CPU
		{A5D25011-6F57-43F7-A02C-2A3B0CE4D346}.Release|Any CPU.ActiveCfg = Release|Any CPU
		{A5D25011-6F57-43F7-A02C-2A3B0CE4D346}.Release|Any CPU.Build.0 = Release|Any CPU
	EndGlobalSection
	GlobalSection(SolutionProperties) = preSolution
		HideSolutionNode = FALSE
	EndGlobalSection
	GlobalSection(ExtensibilityGlobals) = postSolution
		SolutionGuid = {0AC7B890-F37C-44C8-9F85-5600AF255341}
	EndGlobalSection
EndGlobal
